
Microsoft Visual Studio Solution File, Format Version 12.00
Project("{FAE04EC0-301F-11D3-BF4B-00C04F79EFBC}") = "ForEach", "ForEach.csproj", "{84947F99-E7A0-4DD6-BCED-A0DD7F52A63B}"
EndProject
Global
	GlobalSection(SolutionConfigurationPlatforms) = preSolution
		Debug|Any CPU = Debug|Any CPU
		Release|Any CPU = Release|Any CPU
	EndGlobalSection
	GlobalSection(ProjectConfigurationPlatforms) = postSolution
		{84947F99-E7A0-4DD6-BCED-A0DD7F52A63B}.Debug|Any CPU.ActiveCfg = Debug|Any CPU
		{84947F99-E7A0-4DD6-BCED-A0DD7F52A63B}.Debug|Any CPU.Build.0 = Debug|Any CPU
		{84947F99-E7A0-4DD6-BCED-A0DD7F52A63B}.Release|Any CPU.ActiveCfg = Release|Any CPU
		{84947F99-E7A0-4DD6-BCED-A0DD7F52A63B}.Release|Any CPU.Build.0 = Release|Any CPU
	EndGlobalSection
EndGlobal
