
Microsoft Visual Studio Solution File, Format Version 12.00
Project("{FAE04EC0-301F-11D3-BF4B-00C04F79EFBC}") = "ForLoop", "ForLoop.csproj", "{183860D1-4573-4864-BD05-C8F1E1DE06E9}"
EndProject
Global
	GlobalSection(SolutionConfigurationPlatforms) = preSolution
		Debug|Any CPU = Debug|Any CPU
		Release|Any CPU = Release|Any CPU
	EndGlobalSection
	GlobalSection(ProjectConfigurationPlatforms) = postSolution
		{183860D1-4573-4864-BD05-C8F1E1DE06E9}.Debug|Any CPU.ActiveCfg = Debug|Any CPU
		{183860D1-4573-4864-BD05-C8F1E1DE06E9}.Debug|Any CPU.Build.0 = Debug|Any CPU
		{183860D1-4573-4864-BD05-C8F1E1DE06E9}.Release|Any CPU.ActiveCfg = Release|Any CPU
		{183860D1-4573-4864-BD05-C8F1E1DE06E9}.Release|Any CPU.Build.0 = Release|Any CPU
	EndGlobalSection
EndGlobal
